{
    "_readme": [
        "This file locks the dependencies of your project to a known state",
        "Read more about it at https://getcomposer.org/doc/01-basic-usage.md#composer-lock-the-lock-file",
        "This file is @generated automatically"
    ],
    "hash": "4407bf49fb1ae75ebea6d5fead4f256d",
    "packages": [
        {
            "name": "itarato/var-check",
            "version": "2.x-dev",
            "source": {
                "type": "git",
                "url": "https://github.com/itarato/var-check.git",
                "reference": "4b29e9d0647c2db7c634732a85b305c9f420e037"
            },
            "dist": {
                "type": "zip",
                "url": "https://api.github.com/repos/itarato/var-check/zipball/4b29e9d0647c2db7c634732a85b305c9f420e037",
                "reference": "4b29e9d0647c2db7c634732a85b305c9f420e037",
                "shasum": ""
            },
            "type": "library",
            "autoload": {
                "psr-4": {
                    "": "src/"
                }
            },
            "notification-url": "https://packagist.org/downloads/",
            "license": [
                "MIT"
            ],
            "description": "Accessing properties, keys and instance methods without checking them all the time.",
            "time": "2014-10-24 10:08:18"
        }
    ],
    "packages-dev": [],
    "aliases": [],
    "minimum-stability": "stable",
    "stability-flags": {
        "itarato/var-check": 20
    },
    "prefer-stable": false,
    "prefer-lowest": false,
    "platform": [],
    "platform-dev": []
}
